github.com/RavMda/go-mc v1.16.2-0.20201230224617-9054e77b2742 h1:TJW5Yy/2u9o4xF8rjx2fAiOxaqhgTnCKF8c/Y8NTzmc=
github.com/RavMda/go-mc v1.16.2-0.20201230224617-9054e77b2742/go.mod h1:LOx1aAHOUJVUE40TfplFmhdme0w9+wupy3uLSLBWPP8=
github.com/SteffenLoges/socks4 v0.0.0-20201227195109-9d022b566a2b h1:OybRa14XTtNUIH4l6Qe1TAPhNFhvm4u/6DsNnOZZLPw=
github.com/SteffenLoges/socks4 v0.0.0-20201227195109-9d022b566a2b/go.mod h1:fJDo9/M3xapeYULpW56+fYMF1MELC23zydxYxEwK8Fc=
github.com/beefsack/go-astar v0.0.0-20200827232313-4ecf9e304482 h1:p4g4uok3+r6Tg6fxXEQUAcMAX/WdK6WhkQW9s0jaT7k=
github.com/beefsack/go-astar v0.0.0-20200827232313-4ecf9e304482/go.mod h1:Cu3t5VeqE8kXjUBeNXWQprfuaP5UCIc5ggGjgMx9KFc=
github.com/google/uuid v1.1.2 h1:EVhdT+1Kseyi1/pUmXKaFxYsDNy9RQYkMWRH68J/W7Y=
github.com/google/uuid v1.1.2/go.mod h1:TIyPZe4MgqvfeYDBFedMoGGpEw/LqOeaOT+nhxU+yHo=
gopkg.in/check.v1 v0.0.0-20161208181325-20d25e280405 h1:yhCVgyC4o1eVCa2tZl7eS0r+SDo693bJlVdllGtEeKM=
gopkg.in/check.v1 v0.0.0-20161208181325-20d25e280405/go.mod h1:Co6ibVJAznAaIkqp8huTwlJQCZ016jof/cbN4VW5Yz0=
gopkg.in/yaml.v2 v2.4.0 h1:D8xgwECY7CYvx+Y2n4sBz93Jn9JRvxdiyyo8CTfuKaY=
gopkg.in/yaml.v2 v2.4.0/go.mod h1:RDklbk79AGWmwhnvt/jBztapEOGDOx6ZbXqjP6csGnQ=
